
Microsoft Visual Studio Solution File, Format Version 12.00
# Visual Studio Version 16
VisualStudioVersion = 16.0.30804.86
MinimumVisualStudioVersion = 10.0.40219.1
Project("{FAE04EC0-301F-11D3-BF4B-00C04F79EFBC}") = "PasswordManagerApp", "PasswordManagerApp\PasswordManagerApp.csproj", "{F911516A-7997-4053-A0CC-CBAB8F20E249}"
EndProject
Global
	GlobalSection(SolutionConfigurationPlatforms) = preSolution
		Debug|Any CPU = Debug|Any CPU
		Release|Any CPU = Release|Any CPU
	EndGlobalSection
	GlobalSection(ProjectConfigurationPlatforms) = postSolution
		{F911516A-7997-4053-A0CC-CBAB8F20E249}.Debug|Any CPU.ActiveCfg = Debug|Any CPU
		{F911516A-7997-4053-A0CC-CBAB8F20E249}.Debug|Any CPU.Build.0 = Debug|Any CPU
		{F911516A-7997-4053-A0CC-CBAB8F20E249}.Release|Any CPU.ActiveCfg = Release|Any CPU
		{F911516A-7997-4053-A0CC-CBAB8F20E249}.Release|Any CPU.Build.0 = Release|Any CPU
	EndGlobalSection
	GlobalSection(SolutionProperties) = preSolution
		HideSolutionNode = FALSE
	EndGlobalSection
	GlobalSection(ExtensibilityGlobals) = postSolution
		SolutionGuid = {132FE8B8-0426-4446-A96E-1DAFD149290D}
	EndGlobalSection
EndGlobal
